
Microsoft Visual Studio Solution File, Format Version 12.00
# Visual Studio 15
Project("{FAE04EC0-301F-11D3-BF4B-00C04F79EFBC}") = "Assembly-CSharp", "Assembly-CSharp.csproj", "{F40553C3-19EB-7E11-3CFC-BFF1E6C908C5}"
EndProject
Project("{FAE04EC0-301F-11D3-BF4B-00C04F79EFBC}") = "UniRx", "UniRx.csproj", "{37230B91-D1B1-1C89-3B54-130F645935C5}"
EndProject
Project("{FAE04EC0-301F-11D3-BF4B-00C04F79EFBC}") = "UniRx.Examples", "UniRx.Examples.csproj", "{D088BB27-3CEF-BBD1-D7D6-44E2C49CAFBB}"
EndProject
Global
	GlobalSection(SolutionConfigurationPlatforms) = preSolution
		Debug|Any CPU = Debug|Any CPU
		Release|Any CPU = Release|Any CPU
	EndGlobalSection
	GlobalSection(ProjectConfigurationPlatforms) = postSolution
		{F40553C3-19EB-7E11-3CFC-BFF1E6C908C5}.Debug|Any CPU.ActiveCfg = Debug|Any CPU
		{F40553C3-19EB-7E11-3CFC-BFF1E6C908C5}.Debug|Any CPU.Build.0 = Debug|Any CPU
		{F40553C3-19EB-7E11-3CFC-BFF1E6C908C5}.Release|Any CPU.ActiveCfg = Release|Any CPU
		{F40553C3-19EB-7E11-3CFC-BFF1E6C908C5}.Release|Any CPU.Build.0 = Release|Any CPU
		{37230B91-D1B1-1C89-3B54-130F645935C5}.Debug|Any CPU.ActiveCfg = Debug|Any CPU
		{37230B91-D1B1-1C89-3B54-130F645935C5}.Debug|Any CPU.Build.0 = Debug|Any CPU
		{37230B91-D1B1-1C89-3B54-130F645935C5}.Release|Any CPU.ActiveCfg = Release|Any CPU
		{37230B91-D1B1-1C89-3B54-130F645935C5}.Release|Any CPU.Build.0 = Release|Any CPU
		{D088BB27-3CEF-BBD1-D7D6-44E2C49CAFBB}.Debug|Any CPU.ActiveCfg = Debug|Any CPU
		{D088BB27-3CEF-BBD1-D7D6-44E2C49CAFBB}.Debug|Any CPU.Build.0 = Debug|Any CPU
		{D088BB27-3CEF-BBD1-D7D6-44E2C49CAFBB}.Release|Any CPU.ActiveCfg = Release|Any CPU
		{D088BB27-3CEF-BBD1-D7D6-44E2C49CAFBB}.Release|Any CPU.Build.0 = Release|Any CPU
	EndGlobalSection
	GlobalSection(SolutionProperties) = preSolution
		HideSolutionNode = FALSE
	EndGlobalSection
EndGlobal
